
Microsoft Visual Studio Solution File, Format Version 12.00
# Visual Studio Version 16
VisualStudioVersion = 16.0.30907.101
MinimumVisualStudioVersion = 10.0.40219.1
Project("{FAE04EC0-301F-11D3-BF4B-00C04F79EFBC}") = "Ex03.App.Interface", "Ex02.App.Interface\Ex03.App.Interface.csproj", "{145D3A4A-B04E-4892-826F-59EF984A218F}"
EndProject
Project("{FAE04EC0-301F-11D3-BF4B-00C04F79EFBC}") = "Ex03.App.Logic", "Ex02.App.Logic\Ex03.App.Logic.csproj", "{BC182B35-8BF6-45B2-8D34-B1ABA7126842}"
EndProject
Global
	GlobalSection(SolutionConfigurationPlatforms) = preSolution
		Debug|Any CPU = Debug|Any CPU
		Release|Any CPU = Release|Any CPU
	EndGlobalSection
	GlobalSection(ProjectConfigurationPlatforms) = postSolution
		{145D3A4A-B04E-4892-826F-59EF984A218F}.Debug|Any CPU.ActiveCfg = Debug|Any CPU
		{145D3A4A-B04E-4892-826F-59EF984A218F}.Debug|Any CPU.Build.0 = Debug|Any CPU
		{145D3A4A-B04E-4892-826F-59EF984A218F}.Release|Any CPU.ActiveCfg = Release|Any CPU
		{145D3A4A-B04E-4892-826F-59EF984A218F}.Release|Any CPU.Build.0 = Release|Any CPU
		{BC182B35-8BF6-45B2-8D34-B1ABA7126842}.Debug|Any CPU.ActiveCfg = Debug|Any CPU
		{BC182B35-8BF6-45B2-8D34-B1ABA7126842}.Debug|Any CPU.Build.0 = Debug|Any CPU
		{BC182B35-8BF6-45B2-8D34-B1ABA7126842}.Release|Any CPU.ActiveCfg = Release|Any CPU
		{BC182B35-8BF6-45B2-8D34-B1ABA7126842}.Release|Any CPU.Build.0 = Release|Any CPU
	EndGlobalSection
	GlobalSection(SolutionProperties) = preSolution
		HideSolutionNode = FALSE
	EndGlobalSection
	GlobalSection(ExtensibilityGlobals) = postSolution
		SolutionGuid = {A77D9EC5-F013-46C4-B417-AEBF2216FC3D}
	EndGlobalSection
EndGlobal
